
Microsoft Visual Studio Solution File, Format Version 12.00
# Visual Studio 2012
Project("{FAE04EC0-301F-11D3-BF4B-00C04F79EFBC}") = "MaBiblio", "MaBiblio\MaBiblio.csproj", "{53915360-0320-49C8-9C45-081525C156E6}"
EndProject
Project("{FAE04EC0-301F-11D3-BF4B-00C04F79EFBC}") = "MaBiblio.Tests", "MaBiblio.Tests\MaBiblio.Tests.csproj", "{5F93F59F-A44D-4007-B8A6-B7C2A139429A}"
EndProject
Global
	GlobalSection(SolutionConfigurationPlatforms) = preSolution
		Debug|Any CPU = Debug|Any CPU
		Release|Any CPU = Release|Any CPU
	EndGlobalSection
	GlobalSection(ProjectConfigurationPlatforms) = postSolution
		{53915360-0320-49C8-9C45-081525C156E6}.Debug|Any CPU.ActiveCfg = Debug|Any CPU
		{53915360-0320-49C8-9C45-081525C156E6}.Debug|Any CPU.Build.0 = Debug|Any CPU
		{53915360-0320-49C8-9C45-081525C156E6}.Release|Any CPU.ActiveCfg = Release|Any CPU
		{53915360-0320-49C8-9C45-081525C156E6}.Release|Any CPU.Build.0 = Release|Any CPU
		{5F93F59F-A44D-4007-B8A6-B7C2A139429A}.Debug|Any CPU.ActiveCfg = Debug|Any CPU
		{5F93F59F-A44D-4007-B8A6-B7C2A139429A}.Debug|Any CPU.Build.0 = Debug|Any CPU
		{5F93F59F-A44D-4007-B8A6-B7C2A139429A}.Release|Any CPU.ActiveCfg = Release|Any CPU
		{5F93F59F-A44D-4007-B8A6-B7C2A139429A}.Release|Any CPU.Build.0 = Release|Any CPU
	EndGlobalSection
	GlobalSection(SolutionProperties) = preSolution
		HideSolutionNode = FALSE
	EndGlobalSection
EndGlobal
